
Microsoft Visual Studio Solution File, Format Version 12.00
# Visual Studio Version 17
VisualStudioVersion = 17.14.36221.1
MinimumVisualStudioVersion = 10.0.40219.1
Project("{FAE04EC0-301F-11D3-BF4B-00C04F79EFBC}") = "startWithC#", "startWithC#\startWithC#.csproj", "{AECA8B76-A185-4DA5-92BF-508D7DF9B91D}"
EndProject
Project("{FAE04EC0-301F-11D3-BF4B-00C04F79EFBC}") = "C#-L4", "C#-L4\C#-L4.csproj", "{8706A8B2-DDD8-47E2-B99B-C02532311C85}"
EndProject
Project("{FAE04EC0-301F-11D3-BF4B-00C04F79EFBC}") = "C#-L5", "C#-L5\C#-L5.csproj", "{B3773C6E-4F26-4351-8830-042640A841C6}"
EndProject
Project("{FAE04EC0-301F-11D3-BF4B-00C04F79EFBC}") = "C#-OOB-L1-CassLiberare-Demo", "C#-OOB-L1\C#-OOB-L1-CassLiberare-Demo.csproj", "{C552247D-95A0-4E47-B071-EC166B46EA05}"
EndProject
Project("{FAE04EC0-301F-11D3-BF4B-00C04F79EFBC}") = "C#-OOB-L1-ConsoleApplication-Demo", "C#-OOB-L1-ConsoleApplication-Demo\C#-OOB-L1-ConsoleApplication-Demo.csproj", "{6BFD0B18-7C66-454A-9578-DF037F26FA96}"
EndProject
Project("{FAE04EC0-301F-11D3-BF4B-00C04F79EFBC}") = "C#-OOB-L1", "C#-OOB-L1\C#-OOB-L1.csproj", "{FD7ED7C8-3363-4928-B253-A0724D023909}"
EndProject
Project("{FAE04EC0-301F-11D3-BF4B-00C04F79EFBC}") = "C#-OOB-L2-Demo", "C#-OOB-L2-Demo\C#-OOB-L2-Demo.csproj", "{BE73F5BE-4522-4D80-92BA-91FF789469BB}"
EndProject
Project("{FAE04EC0-301F-11D3-BF4B-00C04F79EFBC}") = "C#-OOB-L2", "C#-OOB-L2\C#-OOB-L2.csproj", "{6A476A42-6572-460E-9432-696603BEFBA2}"
EndProject
Project("{FAE04EC0-301F-11D3-BF4B-00C04F79EFBC}") = "C#-OOB-L3-Demo", "C#-OOB-L3-Demo\C#-OOB-L3-Demo.csproj", "{2EB61FD6-A573-4885-9291-43FB0C6EFEB1}"
EndProject
Project("{FAE04EC0-301F-11D3-BF4B-00C04F79EFBC}") = "C#-OOB-L3", "C#-OOB-L3\C#-OOB-L3.csproj", "{9B37B2ED-4947-4DD8-9DFC-F9539E0DB1E4}"
EndProject
Global
	GlobalSection(SolutionConfigurationPlatforms) = preSolution
		Debug|Any CPU = Debug|Any CPU
		Release|Any CPU = Release|Any CPU
	EndGlobalSection
	GlobalSection(ProjectConfigurationPlatforms) = postSolution
		{AECA8B76-A185-4DA5-92BF-508D7DF9B91D}.Debug|Any CPU.ActiveCfg = Debug|Any CPU
		{AECA8B76-A185-4DA5-92BF-508D7DF9B91D}.Debug|Any CPU.Build.0 = Debug|Any CPU
		{AECA8B76-A185-4DA5-92BF-508D7DF9B91D}.Release|Any CPU.ActiveCfg = Release|Any CPU
		{AECA8B76-A185-4DA5-92BF-508D7DF9B91D}.Release|Any CPU.Build.0 = Release|Any CPU
		{8706A8B2-DDD8-47E2-B99B-C02532311C85}.Debug|Any CPU.ActiveCfg = Debug|Any CPU
		{8706A8B2-DDD8-47E2-B99B-C02532311C85}.Debug|Any CPU.Build.0 = Debug|Any CPU
		{8706A8B2-DDD8-47E2-B99B-C02532311C85}.Release|Any CPU.ActiveCfg = Release|Any CPU
		{8706A8B2-DDD8-47E2-B99B-C02532311C85}.Release|Any CPU.Build.0 = Release|Any CPU
		{B3773C6E-4F26-4351-8830-042640A841C6}.Debug|Any CPU.ActiveCfg = Debug|Any CPU
		{B3773C6E-4F26-4351-8830-042640A841C6}.Debug|Any CPU.Build.0 = Debug|Any CPU
		{B3773C6E-4F26-4351-8830-042640A841C6}.Release|Any CPU.ActiveCfg = Release|Any CPU
		{B3773C6E-4F26-4351-8830-042640A841C6}.Release|Any CPU.Build.0 = Release|Any CPU
		{C552247D-95A0-4E47-B071-EC166B46EA05}.Debug|Any CPU.ActiveCfg = Debug|Any CPU
		{C552247D-95A0-4E47-B071-EC166B46EA05}.Debug|Any CPU.Build.0 = Debug|Any CPU
		{C552247D-95A0-4E47-B071-EC166B46EA05}.Release|Any CPU.ActiveCfg = Release|Any CPU
		{C552247D-95A0-4E47-B071-EC166B46EA05}.Release|Any CPU.Build.0 = Release|Any CPU
		{6BFD0B18-7C66-454A-9578-DF037F26FA96}.Debug|Any CPU.ActiveCfg = Debug|Any CPU
		{6BFD0B18-7C66-454A-9578-DF037F26FA96}.Debug|Any CPU.Build.0 = Debug|Any CPU
		{6BFD0B18-7C66-454A-9578-DF037F26FA96}.Release|Any CPU.ActiveCfg = Release|Any CPU
		{6BFD0B18-7C66-454A-9578-DF037F26FA96}.Release|Any CPU.Build.0 = Release|Any CPU
		{FD7ED7C8-3363-4928-B253-A0724D023909}.Debug|Any CPU.ActiveCfg = Debug|Any CPU
		{FD7ED7C8-3363-4928-B253-A0724D023909}.Debug|Any CPU.Build.0 = Debug|Any CPU
		{FD7ED7C8-3363-4928-B253-A0724D023909}.Release|Any CPU.ActiveCfg = Release|Any CPU
		{FD7ED7C8-3363-4928-B253-A0724D023909}.Release|Any CPU.Build.0 = Release|Any CPU
		{BE73F5BE-4522-4D80-92BA-91FF789469BB}.Debug|Any CPU.ActiveCfg = Debug|Any CPU
		{BE73F5BE-4522-4D80-92BA-91FF789469BB}.Debug|Any CPU.Build.0 = Debug|Any CPU
		{BE73F5BE-4522-4D80-92BA-91FF789469BB}.Release|Any CPU.ActiveCfg = Release|Any CPU
		{BE73F5BE-4522-4D80-92BA-91FF789469BB}.Release|Any CPU.Build.0 = Release|Any CPU
		{6A476A42-6572-460E-9432-696603BEFBA2}.Debug|Any CPU.ActiveCfg = Debug|Any CPU
		{6A476A42-6572-460E-9432-696603BEFBA2}.Debug|Any CPU.Build.0 = Debug|Any CPU
		{6A476A42-6572-460E-9432-696603BEFBA2}.Release|Any CPU.ActiveCfg = Release|Any CPU
		{6A476A42-6572-460E-9432-696603BEFBA2}.Release|Any CPU.Build.0 = Release|Any CPU
		{2EB61FD6-A573-4885-9291-43FB0C6EFEB1}.Debug|Any CPU.ActiveCfg = Debug|Any CPU
		{2EB61FD6-A573-4885-9291-43FB0C6EFEB1}.Debug|Any CPU.Build.0 = Debug|Any CPU
		{2EB61FD6-A573-4885-9291-43FB0C6EFEB1}.Release|Any CPU.ActiveCfg = Release|Any CPU
		{2EB61FD6-A573-4885-9291-43FB0C6EFEB1}.Release|Any CPU.Build.0 = Release|Any CPU
		{9B37B2ED-4947-4DD8-9DFC-F9539E0DB1E4}.Debug|Any CPU.ActiveCfg = Debug|Any CPU
		{9B37B2ED-4947-4DD8-9DFC-F9539E0DB1E4}.Debug|Any CPU.Build.0 = Debug|Any CPU
		{9B37B2ED-4947-4DD8-9DFC-F9539E0DB1E4}.Release|Any CPU.ActiveCfg = Release|Any CPU
		{9B37B2ED-4947-4DD8-9DFC-F9539E0DB1E4}.Release|Any CPU.Build.0 = Release|Any CPU
	EndGlobalSection
	GlobalSection(SolutionProperties) = preSolution
		HideSolutionNode = FALSE
	EndGlobalSection
	GlobalSection(ExtensibilityGlobals) = postSolution
		SolutionGuid = {B6E1612C-211D-41C9-81DA-35A0533AA11D}
	EndGlobalSection
EndGlobal
